
Microsoft Visual Studio Solution File, Format Version 12.00
# Visual Studio Version 16
VisualStudioVersion = 16.0.35731.53
MinimumVisualStudioVersion = 10.0.40219.1
Project("{FAE04EC0-301F-11D3-BF4B-00C04F79EFBC}") = "CarritoDeCompras", "CarritoDeCompras\CarritoDeCompras.csproj", "{C1499F45-7578-493C-97A1-952AA27CA048}"
EndProject
Global
	GlobalSection(SolutionConfigurationPlatforms) = preSolution
		Debug|Any CPU = Debug|Any CPU
		Release|Any CPU = Release|Any CPU
	EndGlobalSection
	GlobalSection(ProjectConfigurationPlatforms) = postSolution
		{C1499F45-7578-493C-97A1-952AA27CA048}.Debug|Any CPU.ActiveCfg = Debug|Any CPU
		{C1499F45-7578-493C-97A1-952AA27CA048}.Debug|Any CPU.Build.0 = Debug|Any CPU
		{C1499F45-7578-493C-97A1-952AA27CA048}.Release|Any CPU.ActiveCfg = Release|Any CPU
		{C1499F45-7578-493C-97A1-952AA27CA048}.Release|Any CPU.Build.0 = Release|Any CPU
	EndGlobalSection
	GlobalSection(SolutionProperties) = preSolution
		HideSolutionNode = FALSE
	EndGlobalSection
	GlobalSection(ExtensibilityGlobals) = postSolution
		SolutionGuid = {1D89A656-6D49-40CB-A6DD-89C758B5328B}
	EndGlobalSection
EndGlobal
